# @generated by Move, please check-in and do not edit manually.

[move]
version = 3
manifest_digest = "87549AC19A32E002C1A45715CFCA56A867554317183B2BDF737B4DE40DFEE47D"
deps_digest = "F9B494B64F0615AED0E98FC12A85B85ECD2BC5185C22D30E7F67786BB52E507C"
dependencies = [
  { id = "Bridge", name = "Bridge" },
  { id = "MoveStdlib", name = "MoveStdlib" },
  { id = "Sui", name = "Sui" },
  { id = "SuiSystem", name = "SuiSystem" },
]

[[move.package]]
id = "Bridge"
source = { git = "https://github.com/MystenLabs/sui.git", rev = "3802482bd4e3", subdir = "crates/sui-framework/packages/bridge" }

dependencies = [
  { id = "MoveStdlib", name = "MoveStdlib" },
  { id = "Sui", name = "Sui" },
  { id = "SuiSystem", name = "SuiSystem" },
]

[[move.package]]
id = "MoveStdlib"
source = { git = "https://github.com/MystenLabs/sui.git", rev = "3802482bd4e3", subdir = "crates/sui-framework/packages/move-stdlib" }

[[move.package]]
id = "Sui"
source = { git = "https://github.com/MystenLabs/sui.git", rev = "3802482bd4e3", subdir = "crates/sui-framework/packages/sui-framework" }

dependencies = [
  { id = "MoveStdlib", name = "MoveStdlib" },
]

[[move.package]]
id = "SuiSystem"
source = { git = "https://github.com/MystenLabs/sui.git", rev = "3802482bd4e3", subdir = "crates/sui-framework/packages/sui-system" }

dependencies = [
  { id = "MoveStdlib", name = "MoveStdlib" },
  { id = "Sui", name = "Sui" },
]

[move.toolchain-version]
compiler-version = "1.49.0"
edition = "2024.beta"
flavor = "sui"

[env]

[env.devnet]
chain-id = "89671445"
original-published-id = "0xedcc711f069d1761599ca3246a6699b25de8d994447edc6e5fbaf3c562c116b7"
latest-published-id = "0xedcc711f069d1761599ca3246a6699b25de8d994447edc6e5fbaf3c562c116b7"
published-version = "1"

[env.testnet]
chain-id = "4c78adac"
original-published-id = "0x50f73adbb85e8a3863dd911f74ab077775b8042146b50666d70b3f12964e55e2"
latest-published-id = "0x50f73adbb85e8a3863dd911f74ab077775b8042146b50666d70b3f12964e55e2"
published-version = "1"
